// !$*UTF8*$!
{
	archiveVersion = 1;
	classes = {
	};
	objectVersion = 56;
	objects = {

/* Begin PBXBuildFile section */
		2C4E65352C7BC02E0088F7AB /* StarterView.xib in Resources */ = {isa = PBXBuildFile; fileRef = 2C4E65342C7BC02E0088F7AB /* StarterView.xib */; };
		2C4E65372C7BC0410088F7AB /* StarterView.swift in Sources */ = {isa = PBXBuildFile; fileRef = 2C4E65362C7BC0410088F7AB /* StarterView.swift */; };
		2C4E65392C7BC0EF0088F7AB /* StarterInfoView.swift in Sources */ = {isa = PBXBuildFile; fileRef = 2C4E65382C7BC0EF0088F7AB /* StarterInfoView.swift */; };
		2C4E653B2C7BC0F40088F7AB /* StarterInfoView.xib in Resources */ = {isa = PBXBuildFile; fileRef = 2C4E653A2C7BC0F40088F7AB /* StarterInfoView.xib */; };
		2CBFD75A2C7BA30E0046A717 /* AppDelegate.swift in Sources */ = {isa = PBXBuildFile; fileRef = 2CBFD7592C7BA30E0046A717 /* AppDelegate.swift */; };
		2CBFD75C2C7BA30E0046A717 /* SceneDelegate.swift in Sources */ = {isa = PBXBuildFile; fileRef = 2CBFD75B2C7BA30E0046A717 /* SceneDelegate.swift */; };
		2CBFD75E2C7BA30E0046A717 /* ViewController.swift in Sources */ = {isa = PBXBuildFile; fileRef = 2CBFD75D2C7BA30E0046A717 /* ViewController.swift */; };
		2CBFD7612C7BA30E0046A717 /* Base in Resources */ = {isa = PBXBuildFile; fileRef = 2CBFD7602C7BA30E0046A717 /* Base */; };
		2CBFD7632C7BA30F0046A717 /* Assets.xcassets in Resources */ = {isa = PBXBuildFile; fileRef = 2CBFD7622C7BA30F0046A717 /* Assets.xcassets */; };
		2CBFD7662C7BA30F0046A717 /* Base in Resources */ = {isa = PBXBuildFile; fileRef = 2CBFD7652C7BA30F0046A717 /* Base */; };
		2CBFD7762C7BA4720046A717 /* ExampleModel.swift in Sources */ = {isa = PBXBuildFile; fileRef = 2CBFD7752C7BA4720046A717 /* ExampleModel.swift */; };
		2CBFD7782C7BA47D0046A717 /* ExampleManager.swift in Sources */ = {isa = PBXBuildFile; fileRef = 2CBFD7772C7BA47D0046A717 /* ExampleManager.swift */; };
		2CBFD77A2C7BA48A0046A717 /* ExampleAnimation.swift in Sources */ = {isa = PBXBuildFile; fileRef = 2CBFD7792C7BA48A0046A717 /* ExampleAnimation.swift */; };
/* End PBXBuildFile section */

/* Begin PBXFileReference section */
		2C4E65342C7BC02E0088F7AB /* StarterView.xib */ = {isa = PBXFileReference; lastKnownFileType = file.xib; path = StarterView.xib; sourceTree = "<group>"; };
		2C4E65362C7BC0410088F7AB /* StarterView.swift */ = {isa = PBXFileReference; lastKnownFileType = sourcecode.swift; path = StarterView.swift; sourceTree = "<group>"; };
		2C4E65382C7BC0EF0088F7AB /* StarterInfoView.swift */ = {isa = PBXFileReference; lastKnownFileType = sourcecode.swift; path = StarterInfoView.swift; sourceTree = "<group>"; };
		2C4E653A2C7BC0F40088F7AB /* StarterInfoView.xib */ = {isa = PBXFileReference; lastKnownFileType = file.xib; path = StarterInfoView.xib; sourceTree = "<group>"; };
		2CBFD7562C7BA30E0046A717 /* SPT Mobile.app */ = {isa = PBXFileReference; explicitFileType = wrapper.application; includeInIndex = 0; path = "SPT Mobile.app"; sourceTree = BUILT_PRODUCTS_DIR; };
		2CBFD7592C7BA30E0046A717 /* AppDelegate.swift */ = {isa = PBXFileReference; lastKnownFileType = sourcecode.swift; path = AppDelegate.swift; sourceTree = "<group>"; };
		2CBFD75B2C7BA30E0046A717 /* SceneDelegate.swift */ = {isa = PBXFileReference; lastKnownFileType = sourcecode.swift; path = SceneDelegate.swift; sourceTree = "<group>"; };
		2CBFD75D2C7BA30E0046A717 /* ViewController.swift */ = {isa = PBXFileReference; lastKnownFileType = sourcecode.swift; path = ViewController.swift; sourceTree = "<group>"; };
		2CBFD7602C7BA30E0046A717 /* Base */ = {isa = PBXFileReference; lastKnownFileType = file.storyboard; name = Base; path = Base.lproj/Main.storyboard; sourceTree = "<group>"; };
		2CBFD7622C7BA30F0046A717 /* Assets.xcassets */ = {isa = PBXFileReference; lastKnownFileType = folder.assetcatalog; path = Assets.xcassets; sourceTree = "<group>"; };
		2CBFD7652C7BA30F0046A717 /* Base */ = {isa = PBXFileReference; lastKnownFileType = file.storyboard; name = Base; path = Base.lproj/LaunchScreen.storyboard; sourceTree = "<group>"; };
		2CBFD7672C7BA30F0046A717 /* Info.plist */ = {isa = PBXFileReference; lastKnownFileType = text.plist.xml; path = Info.plist; sourceTree = "<group>"; };
		2CBFD7752C7BA4720046A717 /* ExampleModel.swift */ = {isa = PBXFileReference; lastKnownFileType = sourcecode.swift; path = ExampleModel.swift; sourceTree = "<group>"; };
		2CBFD7772C7BA47D0046A717 /* ExampleManager.swift */ = {isa = PBXFileReference; lastKnownFileType = sourcecode.swift; path = ExampleManager.swift; sourceTree = "<group>"; };
		2CBFD7792C7BA48A0046A717 /* ExampleAnimation.swift */ = {isa = PBXFileReference; lastKnownFileType = sourcecode.swift; path = ExampleAnimation.swift; sourceTree = "<group>"; };
/* End PBXFileReference section */

/* Begin PBXFrameworksBuildPhase section */
		2CBFD7532C7BA30E0046A717 /* Frameworks */ = {
			isa = PBXFrameworksBuildPhase;
			buildActionMask = 2147483647;
			files = (
			);
			runOnlyForDeploymentPostprocessing = 0;
		};
/* End PBXFrameworksBuildPhase section */

/* Begin PBXGroup section */
		2C4E65332C7BC0090088F7AB /* Starter */ = {
			isa = PBXGroup;
			children = (
				2C4E65342C7BC02E0088F7AB /* StarterView.xib */,
				2C4E65362C7BC0410088F7AB /* StarterView.swift */,
				2C4E653A2C7BC0F40088F7AB /* StarterInfoView.xib */,
				2C4E65382C7BC0EF0088F7AB /* StarterInfoView.swift */,
			);
			path = Starter;
			sourceTree = "<group>";
		};
		2CBFD74D2C7BA30E0046A717 = {
			isa = PBXGroup;
			children = (
				2CBFD7582C7BA30E0046A717 /* SPT Mobile */,
				2CBFD7572C7BA30E0046A717 /* Products */,
			);
			sourceTree = "<group>";
		};
		2CBFD7572C7BA30E0046A717 /* Products */ = {
			isa = PBXGroup;
			children = (
				2CBFD7562C7BA30E0046A717 /* SPT Mobile.app */,
			);
			name = Products;
			sourceTree = "<group>";
		};
		2CBFD7582C7BA30E0046A717 /* SPT Mobile */ = {
			isa = PBXGroup;
			children = (
				2CBFD76F2C7BA4170046A717 /* Resources */,
				2CBFD7702C7BA4220046A717 /* LottieAnimations */,
				2CBFD76E2C7BA40D0046A717 /* Managers */,
				2CBFD7712C7BA42C0046A717 /* Model */,
				2CBFD7722C7BA4340046A717 /* View */,
				2CBFD7732C7BA43A0046A717 /* Controller */,
				2CBFD7672C7BA30F0046A717 /* Info.plist */,
			);
			path = "SPT Mobile";
			sourceTree = "<group>";
		};
		2CBFD76E2C7BA40D0046A717 /* Managers */ = {
			isa = PBXGroup;
			children = (
				2CBFD7772C7BA47D0046A717 /* ExampleManager.swift */,
			);
			path = Managers;
			sourceTree = "<group>";
		};
		2CBFD76F2C7BA4170046A717 /* Resources */ = {
			isa = PBXGroup;
			children = (
				2CBFD7592C7BA30E0046A717 /* AppDelegate.swift */,
				2CBFD75B2C7BA30E0046A717 /* SceneDelegate.swift */,
				2CBFD7622C7BA30F0046A717 /* Assets.xcassets */,
			);
			path = Resources;
			sourceTree = "<group>";
		};
		2CBFD7702C7BA4220046A717 /* LottieAnimations */ = {
			isa = PBXGroup;
			children = (
				2CBFD7792C7BA48A0046A717 /* ExampleAnimation.swift */,
			);
			path = LottieAnimations;
			sourceTree = "<group>";
		};
		2CBFD7712C7BA42C0046A717 /* Model */ = {
			isa = PBXGroup;
			children = (
				2CBFD7752C7BA4720046A717 /* ExampleModel.swift */,
			);
			path = Model;
			sourceTree = "<group>";
		};
		2CBFD7722C7BA4340046A717 /* View */ = {
			isa = PBXGroup;
			children = (
				2CBFD7742C7BA4440046A717 /* Main */,
				2C4E65332C7BC0090088F7AB /* Starter */,
			);
			path = View;
			sourceTree = "<group>";
		};
		2CBFD7732C7BA43A0046A717 /* Controller */ = {
			isa = PBXGroup;
			children = (
				2CBFD75D2C7BA30E0046A717 /* ViewController.swift */,
			);
			path = Controller;
			sourceTree = "<group>";
		};
		2CBFD7742C7BA4440046A717 /* Main */ = {
			isa = PBXGroup;
			children = (
				2CBFD75F2C7BA30E0046A717 /* Main.storyboard */,
				2CBFD7642C7BA30F0046A717 /* LaunchScreen.storyboard */,
			);
			path = Main;
			sourceTree = "<group>";
		};
/* End PBXGroup section */

/* Begin PBXNativeTarget section */
		2CBFD7552C7BA30E0046A717 /* SPT Mobile */ = {
			isa = PBXNativeTarget;
			buildConfigurationList = 2CBFD76A2C7BA30F0046A717 /* Build configuration list for PBXNativeTarget "SPT Mobile" */;
			buildPhases = (
				2CBFD7522C7BA30E0046A717 /* Sources */,
				2CBFD7532C7BA30E0046A717 /* Frameworks */,
				2CBFD7542C7BA30E0046A717 /* Resources */,
			);
			buildRules = (
			);
			dependencies = (
			);
			name = "SPT Mobile";
			productName = "SPT Mobile";
			productReference = 2CBFD7562C7BA30E0046A717 /* SPT Mobile.app */;
			productType = "com.apple.product-type.application";
		};
/* End PBXNativeTarget section */

/* Begin PBXProject section */
		2CBFD74E2C7BA30E0046A717 /* Project object */ = {
			isa = PBXProject;
			attributes = {
				BuildIndependentTargetsInParallel = 1;
				LastSwiftUpdateCheck = 1540;
				LastUpgradeCheck = 1540;
				TargetAttributes = {
					2CBFD7552C7BA30E0046A717 = {
						CreatedOnToolsVersion = 15.4;
					};
				};
			};
			buildConfigurationList = 2CBFD7512C7BA30E0046A717 /* Build configuration list for PBXProject "SPT Mobile" */;
			compatibilityVersion = "Xcode 14.0";
			developmentRegion = en;
			hasScannedForEncodings = 0;
			knownRegions = (
				en,
				Base,
			);
			mainGroup = 2CBFD74D2C7BA30E0046A717;
			productRefGroup = 2CBFD7572C7BA30E0046A717 /* Products */;
			projectDirPath = "";
			projectRoot = "";
			targets = (
				2CBFD7552C7BA30E0046A717 /* SPT Mobile */,
			);
		};
/* End PBXProject section */

/* Begin PBXResourcesBuildPhase section */
		2CBFD7542C7BA30E0046A717 /* Resources */ = {
			isa = PBXResourcesBuildPhase;
			buildActionMask = 2147483647;
			files = (
				2C4E65352C7BC02E0088F7AB /* StarterView.xib in Resources */,
				2C4E653B2C7BC0F40088F7AB /* StarterInfoView.xib in Resources */,
				2CBFD7632C7BA30F0046A717 /* Assets.xcassets in Resources */,
				2CBFD7662C7BA30F0046A717 /* Base in Resources */,
				2CBFD7612C7BA30E0046A717 /* Base in Resources */,
			);
			runOnlyForDeploymentPostprocessing = 0;
		};
/* End PBXResourcesBuildPhase section */

/* Begin PBXSourcesBuildPhase section */
		2CBFD7522C7BA30E0046A717 /* Sources */ = {
			isa = PBXSourcesBuildPhase;
			buildActionMask = 2147483647;
			files = (
				2C4E65372C7BC0410088F7AB /* StarterView.swift in Sources */,
				2CBFD75E2C7BA30E0046A717 /* ViewController.swift in Sources */,
				2CBFD77A2C7BA48A0046A717 /* ExampleAnimation.swift in Sources */,
				2CBFD7782C7BA47D0046A717 /* ExampleManager.swift in Sources */,
				2C4E65392C7BC0EF0088F7AB /* StarterInfoView.swift in Sources */,
				2CBFD75A2C7BA30E0046A717 /* AppDelegate.swift in Sources */,
				2CBFD7762C7BA4720046A717 /* ExampleModel.swift in Sources */,
				2CBFD75C2C7BA30E0046A717 /* SceneDelegate.swift in Sources */,
			);
			runOnlyForDeploymentPostprocessing = 0;
		};
/* End PBXSourcesBuildPhase section */

/* Begin PBXVariantGroup section */
		2CBFD75F2C7BA30E0046A717 /* Main.storyboard */ = {
			isa = PBXVariantGroup;
			children = (
				2CBFD7602C7BA30E0046A717 /* Base */,
			);
			name = Main.storyboard;
			sourceTree = "<group>";
		};
		2CBFD7642C7BA30F0046A717 /* LaunchScreen.storyboard */ = {
			isa = PBXVariantGroup;
			children = (
				2CBFD7652C7BA30F0046A717 /* Base */,
			);
			name = LaunchScreen.storyboard;
			sourceTree = "<group>";
		};
/* End PBXVariantGroup section */

/* Begin XCBuildConfiguration section */
		2CBFD7682C7BA30F0046A717 /* Debug */ = {
			isa = XCBuildConfiguration;
			buildSettings = {
				ALWAYS_SEARCH_USER_PATHS = NO;
				ASSETCATALOG_COMPILER_GENERATE_SWIFT_ASSET_SYMBOL_EXTENSIONS = YES;
				CLANG_ANALYZER_NONNULL = YES;
				CLANG_ANALYZER_NUMBER_OBJECT_CONVERSION = YES_AGGRESSIVE;
				CLANG_CXX_LANGUAGE_STANDARD = "gnu++20";
				CLANG_ENABLE_MODULES = YES;
				CLANG_ENABLE_OBJC_ARC = YES;
				CLANG_ENABLE_OBJC_WEAK = YES;
				CLANG_WARN_BLOCK_CAPTURE_AUTORELEASING = YES;
				CLANG_WARN_BOOL_CONVERSION = YES;
				CLANG_WARN_COMMA = YES;
				CLANG_WARN_CONSTANT_CONVERSION = YES;
				CLANG_WARN_DEPRECATED_OBJC_IMPLEMENTATIONS = YES;
				CLANG_WARN_DIRECT_OBJC_ISA_USAGE = YES_ERROR;
				CLANG_WARN_DOCUMENTATION_COMMENTS = YES;
				CLANG_WARN_EMPTY_BODY = YES;
				CLANG_WARN_ENUM_CONVERSION = YES;
				CLANG_WARN_INFINITE_RECURSION = YES;
				CLANG_WARN_INT_CONVERSION = YES;
				CLANG_WARN_NON_LITERAL_NULL_CONVERSION = YES;
				CLANG_WARN_OBJC_IMPLICIT_RETAIN_SELF = YES;
				CLANG_WARN_OBJC_LITERAL_CONVERSION = YES;
				CLANG_WARN_OBJC_ROOT_CLASS = YES_ERROR;
				CLANG_WARN_QUOTED_INCLUDE_IN_FRAMEWORK_HEADER = YES;
				CLANG_WARN_RANGE_LOOP_ANALYSIS = YES;
				CLANG_WARN_STRICT_PROTOTYPES = YES;
				CLANG_WARN_SUSPICIOUS_MOVE = YES;
				CLANG_WARN_UNGUARDED_AVAILABILITY = YES_AGGRESSIVE;
				CLANG_WARN_UNREACHABLE_CODE = YES;
				CLANG_WARN__DUPLICATE_METHOD_MATCH = YES;
				COPY_PHASE_STRIP = NO;
				DEBUG_INFORMATION_FORMAT = dwarf;
				ENABLE_STRICT_OBJC_MSGSEND = YES;
				ENABLE_TESTABILITY = YES;
				ENABLE_USER_SCRIPT_SANDBOXING = YES;
				GCC_C_LANGUAGE_STANDARD = gnu17;
				GCC_DYNAMIC_NO_PIC = NO;
				GCC_NO_COMMON_BLOCKS = YES;
				GCC_OPTIMIZATION_LEVEL = 0;
				GCC_PREPROCESSOR_DEFINITIONS = (
					"DEBUG=1",
					"$(inherited)",
				);
				GCC_WARN_64_TO_32_BIT_CONVERSION = YES;
				GCC_WARN_ABOUT_RETURN_TYPE = YES_ERROR;
				GCC_WARN_UNDECLARED_SELECTOR = YES;
				GCC_WARN_UNINITIALIZED_AUTOS = YES_AGGRESSIVE;
				GCC_WARN_UNUSED_FUNCTION = YES;
				GCC_WARN_UNUSED_VARIABLE = YES;
				IPHONEOS_DEPLOYMENT_TARGET = 17.5;
				LOCALIZATION_PREFERS_STRING_CATALOGS = YES;
				MTL_ENABLE_DEBUG_INFO = INCLUDE_SOURCE;
				MTL_FAST_MATH = YES;
				ONLY_ACTIVE_ARCH = YES;
				SDKROOT = iphoneos;
				SWIFT_ACTIVE_COMPILATION_CONDITIONS = "DEBUG $(inherited)";
				SWIFT_OPTIMIZATION_LEVEL = "-Onone";
			};
			name = Debug;
		};
		2CBFD7692C7BA30F0046A717 /* Release */ = {
			isa = XCBuildConfiguration;
			buildSettings = {
				ALWAYS_SEARCH_USER_PATHS = NO;
				ASSETCATALOG_COMPILER_GENERATE_SWIFT_ASSET_SYMBOL_EXTENSIONS = YES;
				CLANG_ANALYZER_NONNULL = YES;
				CLANG_ANALYZER_NUMBER_OBJECT_CONVERSION = YES_AGGRESSIVE;
				CLANG_CXX_LANGUAGE_STANDARD = "gnu++20";
				CLANG_ENABLE_MODULES = YES;
				CLANG_ENABLE_OBJC_ARC = YES;
				CLANG_ENABLE_OBJC_WEAK = YES;
				CLANG_WARN_BLOCK_CAPTURE_AUTORELEASING = YES;
				CLANG_WARN_BOOL_CONVERSION = YES;
				CLANG_WARN_COMMA = YES;
				CLANG_WARN_CONSTANT_CONVERSION = YES;
				CLANG_WARN_DEPRECATED_OBJC_IMPLEMENTATIONS = YES;
				CLANG_WARN_DIRECT_OBJC_ISA_USAGE = YES_ERROR;
				CLANG_WARN_DOCUMENTATION_COMMENTS = YES;
				CLANG_WARN_EMPTY_BODY = YES;
				CLANG_WARN_ENUM_CONVERSION = YES;
				CLANG_WARN_INFINITE_RECURSION = YES;
				CLANG_WARN_INT_CONVERSION = YES;
				CLANG_WARN_NON_LITERAL_NULL_CONVERSION = YES;
				CLANG_WARN_OBJC_IMPLICIT_RETAIN_SELF = YES;
				CLANG_WARN_OBJC_LITERAL_CONVERSION = YES;
				CLANG_WARN_OBJC_ROOT_CLASS = YES_ERROR;
				CLANG_WARN_QUOTED_INCLUDE_IN_FRAMEWORK_HEADER = YES;
				CLANG_WARN_RANGE_LOOP_ANALYSIS = YES;
				CLANG_WARN_STRICT_PROTOTYPES = YES;
				CLANG_WARN_SUSPICIOUS_MOVE = YES;
				CLANG_WARN_UNGUARDED_AVAILABILITY = YES_AGGRESSIVE;
				CLANG_WARN_UNREACHABLE_CODE = YES;
				CLANG_WARN__DUPLICATE_METHOD_MATCH = YES;
				COPY_PHASE_STRIP = NO;
				DEBUG_INFORMATION_FORMAT = "dwarf-with-dsym";
				ENABLE_NS_ASSERTIONS = NO;
				ENABLE_STRICT_OBJC_MSGSEND = YES;
				ENABLE_USER_SCRIPT_SANDBOXING = YES;
				GCC_C_LANGUAGE_STANDARD = gnu17;
				GCC_NO_COMMON_BLOCKS = YES;
				GCC_WARN_64_TO_32_BIT_CONVERSION = YES;
				GCC_WARN_ABOUT_RETURN_TYPE = YES_ERROR;
				GCC_WARN_UNDECLARED_SELECTOR = YES;
				GCC_WARN_UNINITIALIZED_AUTOS = YES_AGGRESSIVE;
				GCC_WARN_UNUSED_FUNCTION = YES;
				GCC_WARN_UNUSED_VARIABLE = YES;
				IPHONEOS_DEPLOYMENT_TARGET = 17.5;
				LOCALIZATION_PREFERS_STRING_CATALOGS = YES;
				MTL_ENABLE_DEBUG_INFO = NO;
				MTL_FAST_MATH = YES;
				SDKROOT = iphoneos;
				SWIFT_COMPILATION_MODE = wholemodule;
				VALIDATE_PRODUCT = YES;
			};
			name = Release;
		};
		2CBFD76B2C7BA30F0046A717 /* Debug */ = {
			isa = XCBuildConfiguration;
			buildSettings = {
				ASSETCATALOG_COMPILER_APPICON_NAME = AppIcon;
				ASSETCATALOG_COMPILER_GLOBAL_ACCENT_COLOR_NAME = AccentColor;
				CODE_SIGN_STYLE = Automatic;
				CURRENT_PROJECT_VERSION = 1;
				DEVELOPMENT_TEAM = 4DY8BMG732;
				GENERATE_INFOPLIST_FILE = YES;
				INFOPLIST_FILE = "SPT Mobile/Info.plist";
				INFOPLIST_KEY_UIApplicationSupportsIndirectInputEvents = YES;
				INFOPLIST_KEY_UILaunchStoryboardName = LaunchScreen;
				INFOPLIST_KEY_UIMainStoryboardFile = Main;
				INFOPLIST_KEY_UISupportedInterfaceOrientations_iPad = "UIInterfaceOrientationPortrait UIInterfaceOrientationPortraitUpsideDown UIInterfaceOrientationLandscapeLeft UIInterfaceOrientationLandscapeRight";
				INFOPLIST_KEY_UISupportedInterfaceOrientations_iPhone = "UIInterfaceOrientationPortrait UIInterfaceOrientationLandscapeLeft UIInterfaceOrientationLandscapeRight";
				LD_RUNPATH_SEARCH_PATHS = (
					"$(inherited)",
					"@executable_path/Frameworks",
				);
				MARKETING_VERSION = 1.0;
				PRODUCT_BUNDLE_IDENTIFIER = "Waleed.SPT-Mobile";
				PRODUCT_NAME = "$(TARGET_NAME)";
				SWIFT_EMIT_LOC_STRINGS = YES;
				SWIFT_VERSION = 5.0;
				TARGETED_DEVICE_FAMILY = "1,2";
			};
			name = Debug;
		};
		2CBFD76C2C7BA30F0046A717 /* Release */ = {
			isa = XCBuildConfiguration;
			buildSettings = {
				ASSETCATALOG_COMPILER_APPICON_NAME = AppIcon;
				ASSETCATALOG_COMPILER_GLOBAL_ACCENT_COLOR_NAME = AccentColor;
				CODE_SIGN_STYLE = Automatic;
				CURRENT_PROJECT_VERSION = 1;
				DEVELOPMENT_TEAM = 4DY8BMG732;
				GENERATE_INFOPLIST_FILE = YES;
				INFOPLIST_FILE = "SPT Mobile/Info.plist";
				INFOPLIST_KEY_UIApplicationSupportsIndirectInputEvents = YES;
				INFOPLIST_KEY_UILaunchStoryboardName = LaunchScreen;
				INFOPLIST_KEY_UIMainStoryboardFile = Main;
				INFOPLIST_KEY_UISupportedInterfaceOrientations_iPad = "UIInterfaceOrientationPortrait UIInterfaceOrientationPortraitUpsideDown UIInterfaceOrientationLandscapeLeft UIInterfaceOrientationLandscapeRight";
				INFOPLIST_KEY_UISupportedInterfaceOrientations_iPhone = "UIInterfaceOrientationPortrait UIInterfaceOrientationLandscapeLeft UIInterfaceOrientationLandscapeRight";
				LD_RUNPATH_SEARCH_PATHS = (
					"$(inherited)",
					"@executable_path/Frameworks",
				);
				MARKETING_VERSION = 1.0;
				PRODUCT_BUNDLE_IDENTIFIER = "Waleed.SPT-Mobile";
				PRODUCT_NAME = "$(TARGET_NAME)";
				SWIFT_EMIT_LOC_STRINGS = YES;
				SWIFT_VERSION = 5.0;
				TARGETED_DEVICE_FAMILY = "1,2";
			};
			name = Release;
		};
/* End XCBuildConfiguration section */

/* Begin XCConfigurationList section */
		2CBFD7512C7BA30E0046A717 /* Build configuration list for PBXProject "SPT Mobile" */ = {
			isa = XCConfigurationList;
			buildConfigurations = (
				2CBFD7682C7BA30F0046A717 /* Debug */,
				2CBFD7692C7BA30F0046A717 /* Release */,
			);
			defaultConfigurationIsVisible = 0;
			defaultConfigurationName = Release;
		};
		2CBFD76A2C7BA30F0046A717 /* Build configuration list for PBXNativeTarget "SPT Mobile" */ = {
			isa = XCConfigurationList;
			buildConfigurations = (
				2CBFD76B2C7BA30F0046A717 /* Debug */,
				2CBFD76C2C7BA30F0046A717 /* Release */,
			);
			defaultConfigurationIsVisible = 0;
			defaultConfigurationName = Release;
		};
/* End XCConfigurationList section */
	};
	rootObject = 2CBFD74E2C7BA30E0046A717 /* Project object */;
}
